
Microsoft Visual Studio Solution File, Format Version 12.00
# Visual Studio Version 16
VisualStudioVersion = 16.0.31112.23
MinimumVisualStudioVersion = 10.0.40219.1
Project("{FAE04EC0-301F-11D3-BF4B-00C04F79EFBC}") = "Fasada", "Fasada\Fasada.csproj", "{D28E9FD3-7133-4F54-A863-27BA4C4BB861}"
EndProject
Global
	GlobalSection(SolutionConfigurationPlatforms) = preSolution
		Debug|Any CPU = Debug|Any CPU
		Release|Any CPU = Release|Any CPU
	EndGlobalSection
	GlobalSection(ProjectConfigurationPlatforms) = postSolution
		{D28E9FD3-7133-4F54-A863-27BA4C4BB861}.Debug|Any CPU.ActiveCfg = Debug|Any CPU
		{D28E9FD3-7133-4F54-A863-27BA4C4BB861}.Debug|Any CPU.Build.0 = Debug|Any CPU
		{D28E9FD3-7133-4F54-A863-27BA4C4BB861}.Release|Any CPU.ActiveCfg = Release|Any CPU
		{D28E9FD3-7133-4F54-A863-27BA4C4BB861}.Release|Any CPU.Build.0 = Release|Any CPU
	EndGlobalSection
	GlobalSection(SolutionProperties) = preSolution
		HideSolutionNode = FALSE
	EndGlobalSection
	GlobalSection(ExtensibilityGlobals) = postSolution
		SolutionGuid = {D71F67D8-3048-454A-8875-EE707B07523D}
	EndGlobalSection
EndGlobal
